
Microsoft Visual Studio Solution File, Format Version 12.00
# Visual Studio 15
Project("{FAE04EC0-301F-11D3-BF4B-00C04F79EFBC}") = "UnityEngine.TestRunner", "UnityEngine.TestRunner.csproj", "{80B892E1-A5F1-5131-2258-23175D7E0EB8}"
EndProject
Project("{FAE04EC0-301F-11D3-BF4B-00C04F79EFBC}") = "UnityEngine.UI", "UnityEngine.UI.csproj", "{1C4838E8-8B32-D09D-5E4B-79C82A8BB98A}"
EndProject
Project("{FAE04EC0-301F-11D3-BF4B-00C04F79EFBC}") = "Unity.VisualScripting.Flow", "Unity.VisualScripting.Flow.csproj", "{401616E2-BDBD-7BCE-253D-D7AFA42423BE}"
EndProject
Project("{FAE04EC0-301F-11D3-BF4B-00C04F79EFBC}") = "Unity.Mathematics", "Unity.Mathematics.csproj", "{7C174F96-9BB6-47AE-069C-ACD95D077317}"
EndProject
Project("{FAE04EC0-301F-11D3-BF4B-00C04F79EFBC}") = "Unity.Services.Core.Telemetry", "Unity.Services.Core.Telemetry.csproj", "{E2A1ABA4-9123-4CE6-0B34-FC989FADFCEB}"
EndProject
Project("{FAE04EC0-301F-11D3-BF4B-00C04F79EFBC}") = "Unity.VisualScripting.State", "Unity.VisualScripting.State.csproj", "{A3D9F751-15C5-76DC-B1B4-11A8CCCFAB0A}"
EndProject
Project("{FAE04EC0-301F-11D3-BF4B-00C04F79EFBC}") = "Unity.VisualScripting.Core", "Unity.VisualScripting.Core.csproj", "{D0DD9E58-7E12-3704-7A80-07FEF78EAFE8}"
EndProject
Project("{FAE04EC0-301F-11D3-BF4B-00C04F79EFBC}") = "Unity.Services.Core.Environments.Internal", "Unity.Services.Core.Environments.Internal.csproj", "{E4992C77-273E-C760-8CEE-3BF590C90A70}"
EndProject
Project("{FAE04EC0-301F-11D3-BF4B-00C04F79EFBC}") = "Unity.Burst", "Unity.Burst.csproj", "{B396B06B-7140-A4A8-8EC0-DE1805951AD5}"
EndProject
Project("{FAE04EC0-301F-11D3-BF4B-00C04F79EFBC}") = "Unity.2D.Animation.Runtime", "Unity.2D.Animation.Runtime.csproj", "{D518FE45-1F5E-6C66-3A31-E48B9D3597B6}"
EndProject
Project("{FAE04EC0-301F-11D3-BF4B-00C04F79EFBC}") = "Unity.TextMeshPro", "Unity.TextMeshPro.csproj", "{5920B840-CA17-FF05-BBD0-F8759A1C2B27}"
EndProject
Project("{FAE04EC0-301F-11D3-BF4B-00C04F79EFBC}") = "Unity.Timeline", "Unity.Timeline.csproj", "{407B3121-1518-3684-6561-7DCB3CD3C520}"
EndProject
Project("{FAE04EC0-301F-11D3-BF4B-00C04F79EFBC}") = "Unity.Services.Core", "Unity.Services.Core.csproj", "{50104D19-F2B9-F34C-CDB6-6AB10B2BCED2}"
EndProject
Project("{FAE04EC0-301F-11D3-BF4B-00C04F79EFBC}") = "Unity.Services.Core.Environments", "Unity.Services.Core.Environments.csproj", "{86C5A0F3-051D-790E-8EA3-599E1B772052}"
EndProject
Project("{FAE04EC0-301F-11D3-BF4B-00C04F79EFBC}") = "Unity.Services.Core.Internal", "Unity.Services.Core.Internal.csproj", "{81D0987E-17C2-2B61-A54B-02417FB91868}"
EndProject
Project("{FAE04EC0-301F-11D3-BF4B-00C04F79EFBC}") = "Unity.Services.Core.Analytics", "Unity.Services.Core.Analytics.csproj", "{3460CF5F-FF5E-0760-AC99-ABD97CD7883F}"
EndProject
Project("{FAE04EC0-301F-11D3-BF4B-00C04F79EFBC}") = "Unity.2D.SpriteShape.Runtime", "Unity.2D.SpriteShape.Runtime.csproj", "{2FC6C524-6B7E-440D-4380-12920DC4A41A}"
EndProject
Project("{FAE04EC0-301F-11D3-BF4B-00C04F79EFBC}") = "Unity.Services.Core.Scheduler", "Unity.Services.Core.Scheduler.csproj", "{A343B7A3-9E17-FAF7-FC83-05B3574EAA95}"
EndProject
Project("{FAE04EC0-301F-11D3-BF4B-00C04F79EFBC}") = "Unity.Services.Core.Registration", "Unity.Services.Core.Registration.csproj", "{325B5312-01D9-CB4C-29A8-DBE494D61C9B}"
EndProject
Project("{FAE04EC0-301F-11D3-BF4B-00C04F79EFBC}") = "Unity.2D.PixelPerfect", "Unity.2D.PixelPerfect.csproj", "{4C3FB1EA-7703-C191-18DC-53E1B3045CE5}"
EndProject
Project("{FAE04EC0-301F-11D3-BF4B-00C04F79EFBC}") = "Unity.2D.Common.Runtime", "Unity.2D.Common.Runtime.csproj", "{489E9027-F270-06BD-AEB5-379E74713147}"
EndProject
Project("{FAE04EC0-301F-11D3-BF4B-00C04F79EFBC}") = "Unity.2D.IK.Runtime", "Unity.2D.IK.Runtime.csproj", "{0AECDFAA-D9EC-FAF3-42CA-9642EF7F791E}"
EndProject
Project("{FAE04EC0-301F-11D3-BF4B-00C04F79EFBC}") = "Unity.Services.Core.Device", "Unity.Services.Core.Device.csproj", "{09327FFE-5E3E-61FF-4756-1547255FF6C9}"
EndProject
Project("{FAE04EC0-301F-11D3-BF4B-00C04F79EFBC}") = "Unity.Services.Core.Threading", "Unity.Services.Core.Threading.csproj", "{A6F241E0-343E-3057-36DE-4FE6AB02DF94}"
EndProject
Project("{FAE04EC0-301F-11D3-BF4B-00C04F79EFBC}") = "Unity.2D.Tilemap.Extras", "Unity.2D.Tilemap.Extras.csproj", "{E99DBDAE-3BF8-10EC-DAEE-5B25F2227403}"
EndProject
Project("{FAE04EC0-301F-11D3-BF4B-00C04F79EFBC}") = "Unity.Services.Core.Networking", "Unity.Services.Core.Networking.csproj", "{902B6EE2-8635-E43C-B6E4-5C1B1E3D5FF4}"
EndProject
Project("{FAE04EC0-301F-11D3-BF4B-00C04F79EFBC}") = "Unity.InternalAPIEngineBridge.001", "Unity.InternalAPIEngineBridge.001.csproj", "{5D75CE0A-4290-28A6-8446-25D5AC847C20}"
EndProject
Project("{FAE04EC0-301F-11D3-BF4B-00C04F79EFBC}") = "Unity.Services.Core.Configuration", "Unity.Services.Core.Configuration.csproj", "{BB5A70FB-79C7-DDF2-1EF1-1E2F54D742B3}"
EndProject
Project("{FAE04EC0-301F-11D3-BF4B-00C04F79EFBC}") = "Assembly-CSharp", "Assembly-CSharp.csproj", "{572E0D5C-E20D-A7EE-A82D-3979E47543AF}"
EndProject
Project("{FAE04EC0-301F-11D3-BF4B-00C04F79EFBC}") = "Unity.PlasticSCM.Editor", "Unity.PlasticSCM.Editor.csproj", "{17E3E53A-9E20-C3CB-8CE9-C75867071887}"
EndProject
Project("{FAE04EC0-301F-11D3-BF4B-00C04F79EFBC}") = "Unity.VisualScripting.Core.Editor", "Unity.VisualScripting.Core.Editor.csproj", "{157B9958-1F1C-0ABA-8042-E498E472852F}"
EndProject
Project("{FAE04EC0-301F-11D3-BF4B-00C04F79EFBC}") = "Unity.VisualScripting.Flow.Editor", "Unity.VisualScripting.Flow.Editor.csproj", "{57E93DD5-3CA8-C660-95E2-65A6B42EBAF2}"
EndProject
Project("{FAE04EC0-301F-11D3-BF4B-00C04F79EFBC}") = "Unity.VisualStudio.Editor", "Unity.VisualStudio.Editor.csproj", "{46C76C09-9FA3-056E-5BEA-36E7C55721BF}"
EndProject
Project("{FAE04EC0-301F-11D3-BF4B-00C04F79EFBC}") = "Unity.Timeline.Editor", "Unity.Timeline.Editor.csproj", "{BB2A8F92-A2CD-DA4E-926D-1D6D8EE57C4E}"
EndProject
Project("{FAE04EC0-301F-11D3-BF4B-00C04F79EFBC}") = "Unity.VisualScripting.State.Editor", "Unity.VisualScripting.State.Editor.csproj", "{1350E7C0-B076-E2CE-2E7C-D7809A1D042E}"
EndProject
Project("{FAE04EC0-301F-11D3-BF4B-00C04F79EFBC}") = "Unity.TextMeshPro.Editor", "Unity.TextMeshPro.Editor.csproj", "{F49BD904-D397-002F-8D92-8051C7FF50B9}"
EndProject
Project("{FAE04EC0-301F-11D3-BF4B-00C04F79EFBC}") = "Unity.2D.PixelPerfect.Editor", "Unity.2D.PixelPerfect.Editor.csproj", "{5BB39995-5ACF-2506-D6CD-D187BCA3A74D}"
EndProject
Project("{FAE04EC0-301F-11D3-BF4B-00C04F79EFBC}") = "Unity.2D.Animation.Editor", "Unity.2D.Animation.Editor.csproj", "{6E8D15E0-4A10-3F49-FABB-96AF90AE054C}"
EndProject
Project("{FAE04EC0-301F-11D3-BF4B-00C04F79EFBC}") = "Unity.VisualScripting.SettingsProvider.Editor", "Unity.VisualScripting.SettingsProvider.Editor.csproj", "{0201D4D7-E48F-4AA6-F72C-27B3E67732B2}"
EndProject
Project("{FAE04EC0-301F-11D3-BF4B-00C04F79EFBC}") = "Unity.CollabProxy.Editor", "Unity.CollabProxy.Editor.csproj", "{B6730AEE-E6B3-0696-10D9-651018C0FF6E}"
EndProject
Project("{FAE04EC0-301F-11D3-BF4B-00C04F79EFBC}") = "UnityEditor.TestRunner", "UnityEditor.TestRunner.csproj", "{3C392946-AAF4-CBFB-7990-E1E4CA806631}"
EndProject
Project("{FAE04EC0-301F-11D3-BF4B-00C04F79EFBC}") = "Unity.2D.Tilemap.Editor", "Unity.2D.Tilemap.Editor.csproj", "{6D48BA4C-A49E-3F46-7712-A727871C9D80}"
EndProject
Project("{FAE04EC0-301F-11D3-BF4B-00C04F79EFBC}") = "Unity.Services.Core.Editor", "Unity.Services.Core.Editor.csproj", "{2E4785CB-33DA-1145-1EA9-87195408612E}"
EndProject
Project("{FAE04EC0-301F-11D3-BF4B-00C04F79EFBC}") = "Unity.Rider.Editor", "Unity.Rider.Editor.csproj", "{9E4BA2A2-1FC1-65B6-A940-0F7B082A632C}"
EndProject
Project("{FAE04EC0-301F-11D3-BF4B-00C04F79EFBC}") = "Unity.2D.Path.Editor", "Unity.2D.Path.Editor.csproj", "{289F6478-D2CC-8F7A-3477-A0FD0A38D4FF}"
EndProject
Project("{FAE04EC0-301F-11D3-BF4B-00C04F79EFBC}") = "PsdPlugin", "PsdPlugin.csproj", "{A59F35A7-344D-9DEB-6B6E-703D87BAF102}"
EndProject
Project("{FAE04EC0-301F-11D3-BF4B-00C04F79EFBC}") = "Unity.2D.IK.Editor", "Unity.2D.IK.Editor.csproj", "{98BF3A50-68AD-A658-AC0D-E91805D814CB}"
EndProject
Project("{FAE04EC0-301F-11D3-BF4B-00C04F79EFBC}") = "Unity.2D.Psdimporter.Editor", "Unity.2D.Psdimporter.Editor.csproj", "{72BC3048-6B13-28E9-ACBF-82B3AD31DFDE}"
EndProject
Project("{FAE04EC0-301F-11D3-BF4B-00C04F79EFBC}") = "Unity.2D.SpriteShape.Editor", "Unity.2D.SpriteShape.Editor.csproj", "{6CB9D135-B906-B8F7-FFAB-12F926AD5E0E}"
EndProject
Project("{FAE04EC0-301F-11D3-BF4B-00C04F79EFBC}") = "Unity.Burst.CodeGen", "Unity.Burst.CodeGen.csproj", "{90934174-FFE6-A2F4-F96B-D2217903D7B8}"
EndProject
Project("{FAE04EC0-301F-11D3-BF4B-00C04F79EFBC}") = "Unity.VSCode.Editor", "Unity.VSCode.Editor.csproj", "{2858354E-CF96-FF5D-9E0E-BDA8DDC68B09}"
EndProject
Project("{FAE04EC0-301F-11D3-BF4B-00C04F79EFBC}") = "Unity.2D.Sprite.Editor", "Unity.2D.Sprite.Editor.csproj", "{AFD890D2-C576-8BAD-426E-4DCCAA22B4A8}"
EndProject
Project("{FAE04EC0-301F-11D3-BF4B-00C04F79EFBC}") = "UnityEditor.UI", "UnityEditor.UI.csproj", "{96D7D5C5-8A2C-995D-94FA-C68AE34195F7}"
EndProject
Project("{FAE04EC0-301F-11D3-BF4B-00C04F79EFBC}") = "Unity.2D.Common.Editor", "Unity.2D.Common.Editor.csproj", "{BF1B49D3-5382-7254-0178-F7EC852373AA}"
EndProject
Project("{FAE04EC0-301F-11D3-BF4B-00C04F79EFBC}") = "Unity.Mathematics.Editor", "Unity.Mathematics.Editor.csproj", "{64A7113A-EDA0-57A1-5118-9A467647C2A5}"
EndProject
Project("{FAE04EC0-301F-11D3-BF4B-00C04F79EFBC}") = "Unity.Services.Core.Configuration.Editor", "Unity.Services.Core.Configuration.Editor.csproj", "{ED5819B3-B173-8CB0-C549-6832862656BB}"
EndProject
Project("{FAE04EC0-301F-11D3-BF4B-00C04F79EFBC}") = "Unity.2D.Tilemap.Extras.Editor", "Unity.2D.Tilemap.Extras.Editor.csproj", "{797C2A14-81E0-8876-5B68-81BA1018329B}"
EndProject
Project("{FAE04EC0-301F-11D3-BF4B-00C04F79EFBC}") = "Unity.Burst.Editor", "Unity.Burst.Editor.csproj", "{E977E9D8-FB9C-FCCA-1B91-DEDBFEC3EBF7}"
EndProject
Project("{FAE04EC0-301F-11D3-BF4B-00C04F79EFBC}") = "Unity.InternalAPIEditorBridge.001", "Unity.InternalAPIEditorBridge.001.csproj", "{DA8446C7-0B06-EF48-74F5-52058EB60B7B}"
EndProject
Project("{FAE04EC0-301F-11D3-BF4B-00C04F79EFBC}") = "Unity.VisualScripting.Shared.Editor", "Unity.VisualScripting.Shared.Editor.csproj", "{0AE994B5-7C82-DEF3-294A-002D7C84975E}"
EndProject
Project("{FAE04EC0-301F-11D3-BF4B-00C04F79EFBC}") = "UnityEngine.TestRunner", "UnityEngine.TestRunner.Player.csproj", "{E6217B78-CC13-36F6-581E-FD1B65322D90}"
EndProject
Project("{FAE04EC0-301F-11D3-BF4B-00C04F79EFBC}") = "UnityEngine.UI", "UnityEngine.UI.Player.csproj", "{2619B934-1C5A-9EED-07EC-4EDC4B8F5AEB}"
EndProject
Project("{FAE04EC0-301F-11D3-BF4B-00C04F79EFBC}") = "Unity.VisualScripting.Flow", "Unity.VisualScripting.Flow.Player.csproj", "{63B95E9F-4780-3549-0044-9EDF0D6CA3B0}"
EndProject
Project("{FAE04EC0-301F-11D3-BF4B-00C04F79EFBC}") = "Unity.Mathematics", "Unity.Mathematics.Player.csproj", "{D41D4FC5-957D-4F26-5CEE-D43462C277AF}"
EndProject
Project("{FAE04EC0-301F-11D3-BF4B-00C04F79EFBC}") = "Unity.Services.Core.Telemetry", "Unity.Services.Core.Telemetry.Player.csproj", "{C487231D-0D9A-81D7-498C-F081C4F19D99}"
EndProject
Project("{FAE04EC0-301F-11D3-BF4B-00C04F79EFBC}") = "Unity.VisualScripting.State", "Unity.VisualScripting.State.Player.csproj", "{0E963FB9-0DBC-2B14-2C92-DC74EEFD5FF1}"
EndProject
Project("{FAE04EC0-301F-11D3-BF4B-00C04F79EFBC}") = "Unity.VisualScripting.Core", "Unity.VisualScripting.Core.Player.csproj", "{318E81A9-1F47-68B2-2575-0C2ED825AF44}"
EndProject
Project("{FAE04EC0-301F-11D3-BF4B-00C04F79EFBC}") = "Unity.Services.Core.Environments.Internal", "Unity.Services.Core.Environments.Internal.Player.csproj", "{8E630CB2-139D-5EF6-D9F3-CEDFEC378D01}"
EndProject
Project("{FAE04EC0-301F-11D3-BF4B-00C04F79EFBC}") = "Unity.Burst", "Unity.Burst.Player.csproj", "{24A8B22E-D107-AF61-D7FD-4C0C8636B261}"
EndProject
Project("{FAE04EC0-301F-11D3-BF4B-00C04F79EFBC}") = "Unity.2D.Animation.Runtime", "Unity.2D.Animation.Runtime.Player.csproj", "{93D030E1-BC3A-DFB7-9080-C3AFE5B57C83}"
EndProject
Project("{FAE04EC0-301F-11D3-BF4B-00C04F79EFBC}") = "Unity.TextMeshPro", "Unity.TextMeshPro.Player.csproj", "{722FD3BF-7CD4-675A-F4C2-EE338E6C9125}"
EndProject
Project("{FAE04EC0-301F-11D3-BF4B-00C04F79EFBC}") = "Unity.Timeline", "Unity.Timeline.Player.csproj", "{97B3A5A4-7DFC-511B-65A1-6F4DF910CF5E}"
EndProject
Project("{FAE04EC0-301F-11D3-BF4B-00C04F79EFBC}") = "Unity.Services.Core", "Unity.Services.Core.Player.csproj", "{B721B62D-8339-32F1-578C-E9A164F8ADD2}"
EndProject
Project("{FAE04EC0-301F-11D3-BF4B-00C04F79EFBC}") = "Unity.Services.Core.Environments", "Unity.Services.Core.Environments.Player.csproj", "{AC0D1706-94EA-F442-5521-2A6ACAFC544D}"
EndProject
Project("{FAE04EC0-301F-11D3-BF4B-00C04F79EFBC}") = "Unity.Services.Core.Internal", "Unity.Services.Core.Internal.Player.csproj", "{0EE1D2DB-A82A-52A2-2D57-6E1E9D61C8BD}"
EndProject
Project("{FAE04EC0-301F-11D3-BF4B-00C04F79EFBC}") = "Unity.Services.Core.Analytics", "Unity.Services.Core.Analytics.Player.csproj", "{F87001A7-106E-119F-87FC-2B6DFEEADBB5}"
EndProject
Project("{FAE04EC0-301F-11D3-BF4B-00C04F79EFBC}") = "Unity.2D.SpriteShape.Runtime", "Unity.2D.SpriteShape.Runtime.Player.csproj", "{B7AC8289-6652-F84D-0BB9-A5FD7253BF39}"
EndProject
Project("{FAE04EC0-301F-11D3-BF4B-00C04F79EFBC}") = "Unity.Services.Core.Scheduler", "Unity.Services.Core.Scheduler.Player.csproj", "{0AA95792-DEDC-435A-125F-326B21EA26D9}"
EndProject
Project("{FAE04EC0-301F-11D3-BF4B-00C04F79EFBC}") = "Unity.Services.Core.Registration", "Unity.Services.Core.Registration.Player.csproj", "{11168FB2-C411-7A7E-4399-A3B33D9B715C}"
EndProject
Project("{FAE04EC0-301F-11D3-BF4B-00C04F79EFBC}") = "Unity.2D.PixelPerfect", "Unity.2D.PixelPerfect.Player.csproj", "{27AE2641-67B7-7580-8D88-5E9D091FBAA0}"
EndProject
Project("{FAE04EC0-301F-11D3-BF4B-00C04F79EFBC}") = "Unity.2D.Common.Runtime", "Unity.2D.Common.Runtime.Player.csproj", "{D2E9B20B-DB9E-3BD1-DC16-1A4A9F60F133}"
EndProject
Project("{FAE04EC0-301F-11D3-BF4B-00C04F79EFBC}") = "Unity.2D.IK.Runtime", "Unity.2D.IK.Runtime.Player.csproj", "{8A6C86A1-0BA0-9DA4-5FBD-84833249A88C}"
EndProject
Project("{FAE04EC0-301F-11D3-BF4B-00C04F79EFBC}") = "Unity.Services.Core.Device", "Unity.Services.Core.Device.Player.csproj", "{D4F0E6CD-800A-4760-C9AF-5B9397923B4F}"
EndProject
Project("{FAE04EC0-301F-11D3-BF4B-00C04F79EFBC}") = "Unity.Services.Core.Threading", "Unity.Services.Core.Threading.Player.csproj", "{CEA5DFA4-DD53-2233-256A-7A48462A73A4}"
EndProject
Project("{FAE04EC0-301F-11D3-BF4B-00C04F79EFBC}") = "Unity.2D.Tilemap.Extras", "Unity.2D.Tilemap.Extras.Player.csproj", "{77A8C8AD-491E-D655-F08E-D4CD213EB390}"
EndProject
Project("{FAE04EC0-301F-11D3-BF4B-00C04F79EFBC}") = "Unity.Services.Core.Networking", "Unity.Services.Core.Networking.Player.csproj", "{781A6305-9856-9D74-0C01-9F0800519F1E}"
EndProject
Project("{FAE04EC0-301F-11D3-BF4B-00C04F79EFBC}") = "Unity.InternalAPIEngineBridge.001", "Unity.InternalAPIEngineBridge.001.Player.csproj", "{E926AD83-9FEB-544C-B71B-D305F68F3F39}"
EndProject
Project("{FAE04EC0-301F-11D3-BF4B-00C04F79EFBC}") = "Unity.Services.Core.Configuration", "Unity.Services.Core.Configuration.Player.csproj", "{04C6108F-8E9E-D1ED-B605-52BF0C1C542D}"
EndProject
Project("{FAE04EC0-301F-11D3-BF4B-00C04F79EFBC}") = "Assembly-CSharp", "Assembly-CSharp.Player.csproj", "{A0580FBD-43A2-C9D8-B711-BE0C952DAEA6}"
EndProject
Global
	GlobalSection(SolutionConfigurationPlatforms) = preSolution
		Debug|Any CPU = Debug|Any CPU
		Release|Any CPU = Release|Any CPU
	EndGlobalSection
	GlobalSection(ProjectConfigurationPlatforms) = postSolution
		{80B892E1-A5F1-5131-2258-23175D7E0EB8}.Debug|Any CPU.ActiveCfg = Debug|Any CPU
		{80B892E1-A5F1-5131-2258-23175D7E0EB8}.Debug|Any CPU.Build.0 = Debug|Any CPU
		{80B892E1-A5F1-5131-2258-23175D7E0EB8}.Release|Any CPU.ActiveCfg = Release|Any CPU
		{80B892E1-A5F1-5131-2258-23175D7E0EB8}.Release|Any CPU.Build.0 = Release|Any CPU
		{1C4838E8-8B32-D09D-5E4B-79C82A8BB98A}.Debug|Any CPU.ActiveCfg = Debug|Any CPU
		{1C4838E8-8B32-D09D-5E4B-79C82A8BB98A}.Debug|Any CPU.Build.0 = Debug|Any CPU
		{1C4838E8-8B32-D09D-5E4B-79C82A8BB98A}.Release|Any CPU.ActiveCfg = Release|Any CPU
		{1C4838E8-8B32-D09D-5E4B-79C82A8BB98A}.Release|Any CPU.Build.0 = Release|Any CPU
		{401616E2-BDBD-7BCE-253D-D7AFA42423BE}.Debug|Any CPU.ActiveCfg = Debug|Any CPU
		{401616E2-BDBD-7BCE-253D-D7AFA42423BE}.Debug|Any CPU.Build.0 = Debug|Any CPU
		{401616E2-BDBD-7BCE-253D-D7AFA42423BE}.Release|Any CPU.ActiveCfg = Release|Any CPU
		{401616E2-BDBD-7BCE-253D-D7AFA42423BE}.Release|Any CPU.Build.0 = Release|Any CPU
		{7C174F96-9BB6-47AE-069C-ACD95D077317}.Debug|Any CPU.ActiveCfg = Debug|Any CPU
		{7C174F96-9BB6-47AE-069C-ACD95D077317}.Debug|Any CPU.Build.0 = Debug|Any CPU
		{7C174F96-9BB6-47AE-069C-ACD95D077317}.Release|Any CPU.ActiveCfg = Release|Any CPU
		{7C174F96-9BB6-47AE-069C-ACD95D077317}.Release|Any CPU.Build.0 = Release|Any CPU
		{E2A1ABA4-9123-4CE6-0B34-FC989FADFCEB}.Debug|Any CPU.ActiveCfg = Debug|Any CPU
		{E2A1ABA4-9123-4CE6-0B34-FC989FADFCEB}.Debug|Any CPU.Build.0 = Debug|Any CPU
		{E2A1ABA4-9123-4CE6-0B34-FC989FADFCEB}.Release|Any CPU.ActiveCfg = Release|Any CPU
		{E2A1ABA4-9123-4CE6-0B34-FC989FADFCEB}.Release|Any CPU.Build.0 = Release|Any CPU
		{A3D9F751-15C5-76DC-B1B4-11A8CCCFAB0A}.Debug|Any CPU.ActiveCfg = Debug|Any CPU
		{A3D9F751-15C5-76DC-B1B4-11A8CCCFAB0A}.Debug|Any CPU.Build.0 = Debug|Any CPU
		{A3D9F751-15C5-76DC-B1B4-11A8CCCFAB0A}.Release|Any CPU.ActiveCfg = Release|Any CPU
		{A3D9F751-15C5-76DC-B1B4-11A8CCCFAB0A}.Release|Any CPU.Build.0 = Release|Any CPU
		{D0DD9E58-7E12-3704-7A80-07FEF78EAFE8}.Debug|Any CPU.ActiveCfg = Debug|Any CPU
		{D0DD9E58-7E12-3704-7A80-07FEF78EAFE8}.Debug|Any CPU.Build.0 = Debug|Any CPU
		{D0DD9E58-7E12-3704-7A80-07FEF78EAFE8}.Release|Any CPU.ActiveCfg = Release|Any CPU
		{D0DD9E58-7E12-3704-7A80-07FEF78EAFE8}.Release|Any CPU.Build.0 = Release|Any CPU
		{E4992C77-273E-C760-8CEE-3BF590C90A70}.Debug|Any CPU.ActiveCfg = Debug|Any CPU
		{E4992C77-273E-C760-8CEE-3BF590C90A70}.Debug|Any CPU.Build.0 = Debug|Any CPU
		{E4992C77-273E-C760-8CEE-3BF590C90A70}.Release|Any CPU.ActiveCfg = Release|Any CPU
		{E4992C77-273E-C760-8CEE-3BF590C90A70}.Release|Any CPU.Build.0 = Release|Any CPU
		{B396B06B-7140-A4A8-8EC0-DE1805951AD5}.Debug|Any CPU.ActiveCfg = Debug|Any CPU
		{B396B06B-7140-A4A8-8EC0-DE1805951AD5}.Debug|Any CPU.Build.0 = Debug|Any CPU
		{B396B06B-7140-A4A8-8EC0-DE1805951AD5}.Release|Any CPU.ActiveCfg = Release|Any CPU
		{B396B06B-7140-A4A8-8EC0-DE1805951AD5}.Release|Any CPU.Build.0 = Release|Any CPU
		{D518FE45-1F5E-6C66-3A31-E48B9D3597B6}.Debug|Any CPU.ActiveCfg = Debug|Any CPU
		{D518FE45-1F5E-6C66-3A31-E48B9D3597B6}.Debug|Any CPU.Build.0 = Debug|Any CPU
		{D518FE45-1F5E-6C66-3A31-E48B9D3597B6}.Release|Any CPU.ActiveCfg = Release|Any CPU
		{D518FE45-1F5E-6C66-3A31-E48B9D3597B6}.Release|Any CPU.Build.0 = Release|Any CPU
		{5920B840-CA17-FF05-BBD0-F8759A1C2B27}.Debug|Any CPU.ActiveCfg = Debug|Any CPU
		{5920B840-CA17-FF05-BBD0-F8759A1C2B27}.Debug|Any CPU.Build.0 = Debug|Any CPU
		{5920B840-CA17-FF05-BBD0-F8759A1C2B27}.Release|Any CPU.ActiveCfg = Release|Any CPU
		{5920B840-CA17-FF05-BBD0-F8759A1C2B27}.Release|Any CPU.Build.0 = Release|Any CPU
		{407B3121-1518-3684-6561-7DCB3CD3C520}.Debug|Any CPU.ActiveCfg = Debug|Any CPU
		{407B3121-1518-3684-6561-7DCB3CD3C520}.Debug|Any CPU.Build.0 = Debug|Any CPU
		{407B3121-1518-3684-6561-7DCB3CD3C520}.Release|Any CPU.ActiveCfg = Release|Any CPU
		{407B3121-1518-3684-6561-7DCB3CD3C520}.Release|Any CPU.Build.0 = Release|Any CPU
		{50104D19-F2B9-F34C-CDB6-6AB10B2BCED2}.Debug|Any CPU.ActiveCfg = Debug|Any CPU
		{50104D19-F2B9-F34C-CDB6-6AB10B2BCED2}.Debug|Any CPU.Build.0 = Debug|Any CPU
		{50104D19-F2B9-F34C-CDB6-6AB10B2BCED2}.Release|Any CPU.ActiveCfg = Release|Any CPU
		{50104D19-F2B9-F34C-CDB6-6AB10B2BCED2}.Release|Any CPU.Build.0 = Release|Any CPU
		{86C5A0F3-051D-790E-8EA3-599E1B772052}.Debug|Any CPU.ActiveCfg = Debug|Any CPU
		{86C5A0F3-051D-790E-8EA3-599E1B772052}.Debug|Any CPU.Build.0 = Debug|Any CPU
		{86C5A0F3-051D-790E-8EA3-599E1B772052}.Release|Any CPU.ActiveCfg = Release|Any CPU
		{86C5A0F3-051D-790E-8EA3-599E1B772052}.Release|Any CPU.Build.0 = Release|Any CPU
		{81D0987E-17C2-2B61-A54B-02417FB91868}.Debug|Any CPU.ActiveCfg = Debug|Any CPU
		{81D0987E-17C2-2B61-A54B-02417FB91868}.Debug|Any CPU.Build.0 = Debug|Any CPU
		{81D0987E-17C2-2B61-A54B-02417FB91868}.Release|Any CPU.ActiveCfg = Release|Any CPU
		{81D0987E-17C2-2B61-A54B-02417FB91868}.Release|Any CPU.Build.0 = Release|Any CPU
		{3460CF5F-FF5E-0760-AC99-ABD97CD7883F}.Debug|Any CPU.ActiveCfg = Debug|Any CPU
		{3460CF5F-FF5E-0760-AC99-ABD97CD7883F}.Debug|Any CPU.Build.0 = Debug|Any CPU
		{3460CF5F-FF5E-0760-AC99-ABD97CD7883F}.Release|Any CPU.ActiveCfg = Release|Any CPU
		{3460CF5F-FF5E-0760-AC99-ABD97CD7883F}.Release|Any CPU.Build.0 = Release|Any CPU
		{2FC6C524-6B7E-440D-4380-12920DC4A41A}.Debug|Any CPU.ActiveCfg = Debug|Any CPU
		{2FC6C524-6B7E-440D-4380-12920DC4A41A}.Debug|Any CPU.Build.0 = Debug|Any CPU
		{2FC6C524-6B7E-440D-4380-12920DC4A41A}.Release|Any CPU.ActiveCfg = Release|Any CPU
		{2FC6C524-6B7E-440D-4380-12920DC4A41A}.Release|Any CPU.Build.0 = Release|Any CPU
		{A343B7A3-9E17-FAF7-FC83-05B3574EAA95}.Debug|Any CPU.ActiveCfg = Debug|Any CPU
		{A343B7A3-9E17-FAF7-FC83-05B3574EAA95}.Debug|Any CPU.Build.0 = Debug|Any CPU
		{A343B7A3-9E17-FAF7-FC83-05B3574EAA95}.Release|Any CPU.ActiveCfg = Release|Any CPU
		{A343B7A3-9E17-FAF7-FC83-05B3574EAA95}.Release|Any CPU.Build.0 = Release|Any CPU
		{325B5312-01D9-CB4C-29A8-DBE494D61C9B}.Debug|Any CPU.ActiveCfg = Debug|Any CPU
		{325B5312-01D9-CB4C-29A8-DBE494D61C9B}.Debug|Any CPU.Build.0 = Debug|Any CPU
		{325B5312-01D9-CB4C-29A8-DBE494D61C9B}.Release|Any CPU.ActiveCfg = Release|Any CPU
		{325B5312-01D9-CB4C-29A8-DBE494D61C9B}.Release|Any CPU.Build.0 = Release|Any CPU
		{4C3FB1EA-7703-C191-18DC-53E1B3045CE5}.Debug|Any CPU.ActiveCfg = Debug|Any CPU
		{4C3FB1EA-7703-C191-18DC-53E1B3045CE5}.Debug|Any CPU.Build.0 = Debug|Any CPU
		{4C3FB1EA-7703-C191-18DC-53E1B3045CE5}.Release|Any CPU.ActiveCfg = Release|Any CPU
		{4C3FB1EA-7703-C191-18DC-53E1B3045CE5}.Release|Any CPU.Build.0 = Release|Any CPU
		{489E9027-F270-06BD-AEB5-379E74713147}.Debug|Any CPU.ActiveCfg = Debug|Any CPU
		{489E9027-F270-06BD-AEB5-379E74713147}.Debug|Any CPU.Build.0 = Debug|Any CPU
		{489E9027-F270-06BD-AEB5-379E74713147}.Release|Any CPU.ActiveCfg = Release|Any CPU
		{489E9027-F270-06BD-AEB5-379E74713147}.Release|Any CPU.Build.0 = Release|Any CPU
		{0AECDFAA-D9EC-FAF3-42CA-9642EF7F791E}.Debug|Any CPU.ActiveCfg = Debug|Any CPU
		{0AECDFAA-D9EC-FAF3-42CA-9642EF7F791E}.Debug|Any CPU.Build.0 = Debug|Any CPU
		{0AECDFAA-D9EC-FAF3-42CA-9642EF7F791E}.Release|Any CPU.ActiveCfg = Release|Any CPU
		{0AECDFAA-D9EC-FAF3-42CA-9642EF7F791E}.Release|Any CPU.Build.0 = Release|Any CPU
		{09327FFE-5E3E-61FF-4756-1547255FF6C9}.Debug|Any CPU.ActiveCfg = Debug|Any CPU
		{09327FFE-5E3E-61FF-4756-1547255FF6C9}.Debug|Any CPU.Build.0 = Debug|Any CPU
		{09327FFE-5E3E-61FF-4756-1547255FF6C9}.Release|Any CPU.ActiveCfg = Release|Any CPU
		{09327FFE-5E3E-61FF-4756-1547255FF6C9}.Release|Any CPU.Build.0 = Release|Any CPU
		{A6F241E0-343E-3057-36DE-4FE6AB02DF94}.Debug|Any CPU.ActiveCfg = Debug|Any CPU
		{A6F241E0-343E-3057-36DE-4FE6AB02DF94}.Debug|Any CPU.Build.0 = Debug|Any CPU
		{A6F241E0-343E-3057-36DE-4FE6AB02DF94}.Release|Any CPU.ActiveCfg = Release|Any CPU
		{A6F241E0-343E-3057-36DE-4FE6AB02DF94}.Release|Any CPU.Build.0 = Release|Any CPU
		{E99DBDAE-3BF8-10EC-DAEE-5B25F2227403}.Debug|Any CPU.ActiveCfg = Debug|Any CPU
		{E99DBDAE-3BF8-10EC-DAEE-5B25F2227403}.Debug|Any CPU.Build.0 = Debug|Any CPU
		{E99DBDAE-3BF8-10EC-DAEE-5B25F2227403}.Release|Any CPU.ActiveCfg = Release|Any CPU
		{E99DBDAE-3BF8-10EC-DAEE-5B25F2227403}.Release|Any CPU.Build.0 = Release|Any CPU
		{902B6EE2-8635-E43C-B6E4-5C1B1E3D5FF4}.Debug|Any CPU.ActiveCfg = Debug|Any CPU
		{902B6EE2-8635-E43C-B6E4-5C1B1E3D5FF4}.Debug|Any CPU.Build.0 = Debug|Any CPU
		{902B6EE2-8635-E43C-B6E4-5C1B1E3D5FF4}.Release|Any CPU.ActiveCfg = Release|Any CPU
		{902B6EE2-8635-E43C-B6E4-5C1B1E3D5FF4}.Release|Any CPU.Build.0 = Release|Any CPU
		{5D75CE0A-4290-28A6-8446-25D5AC847C20}.Debug|Any CPU.ActiveCfg = Debug|Any CPU
		{5D75CE0A-4290-28A6-8446-25D5AC847C20}.Debug|Any CPU.Build.0 = Debug|Any CPU
		{5D75CE0A-4290-28A6-8446-25D5AC847C20}.Release|Any CPU.ActiveCfg = Release|Any CPU
		{5D75CE0A-4290-28A6-8446-25D5AC847C20}.Release|Any CPU.Build.0 = Release|Any CPU
		{BB5A70FB-79C7-DDF2-1EF1-1E2F54D742B3}.Debug|Any CPU.ActiveCfg = Debug|Any CPU
		{BB5A70FB-79C7-DDF2-1EF1-1E2F54D742B3}.Debug|Any CPU.Build.0 = Debug|Any CPU
		{BB5A70FB-79C7-DDF2-1EF1-1E2F54D742B3}.Release|Any CPU.ActiveCfg = Release|Any CPU
		{BB5A70FB-79C7-DDF2-1EF1-1E2F54D742B3}.Release|Any CPU.Build.0 = Release|Any CPU
		{572E0D5C-E20D-A7EE-A82D-3979E47543AF}.Debug|Any CPU.ActiveCfg = Debug|Any CPU
		{572E0D5C-E20D-A7EE-A82D-3979E47543AF}.Debug|Any CPU.Build.0 = Debug|Any CPU
		{572E0D5C-E20D-A7EE-A82D-3979E47543AF}.Release|Any CPU.ActiveCfg = Release|Any CPU
		{572E0D5C-E20D-A7EE-A82D-3979E47543AF}.Release|Any CPU.Build.0 = Release|Any CPU
		{17E3E53A-9E20-C3CB-8CE9-C75867071887}.Debug|Any CPU.ActiveCfg = Debug|Any CPU
		{17E3E53A-9E20-C3CB-8CE9-C75867071887}.Debug|Any CPU.Build.0 = Debug|Any CPU
		{17E3E53A-9E20-C3CB-8CE9-C75867071887}.Release|Any CPU.ActiveCfg = Release|Any CPU
		{17E3E53A-9E20-C3CB-8CE9-C75867071887}.Release|Any CPU.Build.0 = Release|Any CPU
		{157B9958-1F1C-0ABA-8042-E498E472852F}.Debug|Any CPU.ActiveCfg = Debug|Any CPU
		{157B9958-1F1C-0ABA-8042-E498E472852F}.Debug|Any CPU.Build.0 = Debug|Any CPU
		{157B9958-1F1C-0ABA-8042-E498E472852F}.Release|Any CPU.ActiveCfg = Release|Any CPU
		{157B9958-1F1C-0ABA-8042-E498E472852F}.Release|Any CPU.Build.0 = Release|Any CPU
		{57E93DD5-3CA8-C660-95E2-65A6B42EBAF2}.Debug|Any CPU.ActiveCfg = Debug|Any CPU
		{57E93DD5-3CA8-C660-95E2-65A6B42EBAF2}.Debug|Any CPU.Build.0 = Debug|Any CPU
		{57E93DD5-3CA8-C660-95E2-65A6B42EBAF2}.Release|Any CPU.ActiveCfg = Release|Any CPU
		{57E93DD5-3CA8-C660-95E2-65A6B42EBAF2}.Release|Any CPU.Build.0 = Release|Any CPU
		{46C76C09-9FA3-056E-5BEA-36E7C55721BF}.Debug|Any CPU.ActiveCfg = Debug|Any CPU
		{46C76C09-9FA3-056E-5BEA-36E7C55721BF}.Debug|Any CPU.Build.0 = Debug|Any CPU
		{46C76C09-9FA3-056E-5BEA-36E7C55721BF}.Release|Any CPU.ActiveCfg = Release|Any CPU
		{46C76C09-9FA3-056E-5BEA-36E7C55721BF}.Release|Any CPU.Build.0 = Release|Any CPU
		{BB2A8F92-A2CD-DA4E-926D-1D6D8EE57C4E}.Debug|Any CPU.ActiveCfg = Debug|Any CPU
		{BB2A8F92-A2CD-DA4E-926D-1D6D8EE57C4E}.Debug|Any CPU.Build.0 = Debug|Any CPU
		{BB2A8F92-A2CD-DA4E-926D-1D6D8EE57C4E}.Release|Any CPU.ActiveCfg = Release|Any CPU
		{BB2A8F92-A2CD-DA4E-926D-1D6D8EE57C4E}.Release|Any CPU.Build.0 = Release|Any CPU
		{1350E7C0-B076-E2CE-2E7C-D7809A1D042E}.Debug|Any CPU.ActiveCfg = Debug|Any CPU
		{1350E7C0-B076-E2CE-2E7C-D7809A1D042E}.Debug|Any CPU.Build.0 = Debug|Any CPU
		{1350E7C0-B076-E2CE-2E7C-D7809A1D042E}.Release|Any CPU.ActiveCfg = Release|Any CPU
		{1350E7C0-B076-E2CE-2E7C-D7809A1D042E}.Release|Any CPU.Build.0 = Release|Any CPU
		{F49BD904-D397-002F-8D92-8051C7FF50B9}.Debug|Any CPU.ActiveCfg = Debug|Any CPU
		{F49BD904-D397-002F-8D92-8051C7FF50B9}.Debug|Any CPU.Build.0 = Debug|Any CPU
		{F49BD904-D397-002F-8D92-8051C7FF50B9}.Release|Any CPU.ActiveCfg = Release|Any CPU
		{F49BD904-D397-002F-8D92-8051C7FF50B9}.Release|Any CPU.Build.0 = Release|Any CPU
		{5BB39995-5ACF-2506-D6CD-D187BCA3A74D}.Debug|Any CPU.ActiveCfg = Debug|Any CPU
		{5BB39995-5ACF-2506-D6CD-D187BCA3A74D}.Debug|Any CPU.Build.0 = Debug|Any CPU
		{5BB39995-5ACF-2506-D6CD-D187BCA3A74D}.Release|Any CPU.ActiveCfg = Release|Any CPU
		{5BB39995-5ACF-2506-D6CD-D187BCA3A74D}.Release|Any CPU.Build.0 = Release|Any CPU
		{6E8D15E0-4A10-3F49-FABB-96AF90AE054C}.Debug|Any CPU.ActiveCfg = Debug|Any CPU
		{6E8D15E0-4A10-3F49-FABB-96AF90AE054C}.Debug|Any CPU.Build.0 = Debug|Any CPU
		{6E8D15E0-4A10-3F49-FABB-96AF90AE054C}.Release|Any CPU.ActiveCfg = Release|Any CPU
		{6E8D15E0-4A10-3F49-FABB-96AF90AE054C}.Release|Any CPU.Build.0 = Release|Any CPU
		{0201D4D7-E48F-4AA6-F72C-27B3E67732B2}.Debug|Any CPU.ActiveCfg = Debug|Any CPU
		{0201D4D7-E48F-4AA6-F72C-27B3E67732B2}.Debug|Any CPU.Build.0 = Debug|Any CPU
		{0201D4D7-E48F-4AA6-F72C-27B3E67732B2}.Release|Any CPU.ActiveCfg = Release|Any CPU
		{0201D4D7-E48F-4AA6-F72C-27B3E67732B2}.Release|Any CPU.Build.0 = Release|Any CPU
		{B6730AEE-E6B3-0696-10D9-651018C0FF6E}.Debug|Any CPU.ActiveCfg = Debug|Any CPU
		{B6730AEE-E6B3-0696-10D9-651018C0FF6E}.Debug|Any CPU.Build.0 = Debug|Any CPU
		{B6730AEE-E6B3-0696-10D9-651018C0FF6E}.Release|Any CPU.ActiveCfg = Release|Any CPU
		{B6730AEE-E6B3-0696-10D9-651018C0FF6E}.Release|Any CPU.Build.0 = Release|Any CPU
		{3C392946-AAF4-CBFB-7990-E1E4CA806631}.Debug|Any CPU.ActiveCfg = Debug|Any CPU
		{3C392946-AAF4-CBFB-7990-E1E4CA806631}.Debug|Any CPU.Build.0 = Debug|Any CPU
		{3C392946-AAF4-CBFB-7990-E1E4CA806631}.Release|Any CPU.ActiveCfg = Release|Any CPU
		{3C392946-AAF4-CBFB-7990-E1E4CA806631}.Release|Any CPU.Build.0 = Release|Any CPU
		{6D48BA4C-A49E-3F46-7712-A727871C9D80}.Debug|Any CPU.ActiveCfg = Debug|Any CPU
		{6D48BA4C-A49E-3F46-7712-A727871C9D80}.Debug|Any CPU.Build.0 = Debug|Any CPU
		{6D48BA4C-A49E-3F46-7712-A727871C9D80}.Release|Any CPU.ActiveCfg = Release|Any CPU
		{6D48BA4C-A49E-3F46-7712-A727871C9D80}.Release|Any CPU.Build.0 = Release|Any CPU
		{2E4785CB-33DA-1145-1EA9-87195408612E}.Debug|Any CPU.ActiveCfg = Debug|Any CPU
		{2E4785CB-33DA-1145-1EA9-87195408612E}.Debug|Any CPU.Build.0 = Debug|Any CPU
		{2E4785CB-33DA-1145-1EA9-87195408612E}.Release|Any CPU.ActiveCfg = Release|Any CPU
		{2E4785CB-33DA-1145-1EA9-87195408612E}.Release|Any CPU.Build.0 = Release|Any CPU
		{9E4BA2A2-1FC1-65B6-A940-0F7B082A632C}.Debug|Any CPU.ActiveCfg = Debug|Any CPU
		{9E4BA2A2-1FC1-65B6-A940-0F7B082A632C}.Debug|Any CPU.Build.0 = Debug|Any CPU
		{9E4BA2A2-1FC1-65B6-A940-0F7B082A632C}.Release|Any CPU.ActiveCfg = Release|Any CPU
		{9E4BA2A2-1FC1-65B6-A940-0F7B082A632C}.Release|Any CPU.Build.0 = Release|Any CPU
		{289F6478-D2CC-8F7A-3477-A0FD0A38D4FF}.Debug|Any CPU.ActiveCfg = Debug|Any CPU
		{289F6478-D2CC-8F7A-3477-A0FD0A38D4FF}.Debug|Any CPU.Build.0 = Debug|Any CPU
		{289F6478-D2CC-8F7A-3477-A0FD0A38D4FF}.Release|Any CPU.ActiveCfg = Release|Any CPU
		{289F6478-D2CC-8F7A-3477-A0FD0A38D4FF}.Release|Any CPU.Build.0 = Release|Any CPU
		{A59F35A7-344D-9DEB-6B6E-703D87BAF102}.Debug|Any CPU.ActiveCfg = Debug|Any CPU
		{A59F35A7-344D-9DEB-6B6E-703D87BAF102}.Debug|Any CPU.Build.0 = Debug|Any CPU
		{A59F35A7-344D-9DEB-6B6E-703D87BAF102}.Release|Any CPU.ActiveCfg = Release|Any CPU
		{A59F35A7-344D-9DEB-6B6E-703D87BAF102}.Release|Any CPU.Build.0 = Release|Any CPU
		{98BF3A50-68AD-A658-AC0D-E91805D814CB}.Debug|Any CPU.ActiveCfg = Debug|Any CPU
		{98BF3A50-68AD-A658-AC0D-E91805D814CB}.Debug|Any CPU.Build.0 = Debug|Any CPU
		{98BF3A50-68AD-A658-AC0D-E91805D814CB}.Release|Any CPU.ActiveCfg = Release|Any CPU
		{98BF3A50-68AD-A658-AC0D-E91805D814CB}.Release|Any CPU.Build.0 = Release|Any CPU
		{72BC3048-6B13-28E9-ACBF-82B3AD31DFDE}.Debug|Any CPU.ActiveCfg = Debug|Any CPU
		{72BC3048-6B13-28E9-ACBF-82B3AD31DFDE}.Debug|Any CPU.Build.0 = Debug|Any CPU
		{72BC3048-6B13-28E9-ACBF-82B3AD31DFDE}.Release|Any CPU.ActiveCfg = Release|Any CPU
		{72BC3048-6B13-28E9-ACBF-82B3AD31DFDE}.Release|Any CPU.Build.0 = Release|Any CPU
		{6CB9D135-B906-B8F7-FFAB-12F926AD5E0E}.Debug|Any CPU.ActiveCfg = Debug|Any CPU
		{6CB9D135-B906-B8F7-FFAB-12F926AD5E0E}.Debug|Any CPU.Build.0 = Debug|Any CPU
		{6CB9D135-B906-B8F7-FFAB-12F926AD5E0E}.Release|Any CPU.ActiveCfg = Release|Any CPU
		{6CB9D135-B906-B8F7-FFAB-12F926AD5E0E}.Release|Any CPU.Build.0 = Release|Any CPU
		{90934174-FFE6-A2F4-F96B-D2217903D7B8}.Debug|Any CPU.ActiveCfg = Debug|Any CPU
		{90934174-FFE6-A2F4-F96B-D2217903D7B8}.Debug|Any CPU.Build.0 = Debug|Any CPU
		{90934174-FFE6-A2F4-F96B-D2217903D7B8}.Release|Any CPU.ActiveCfg = Release|Any CPU
		{90934174-FFE6-A2F4-F96B-D2217903D7B8}.Release|Any CPU.Build.0 = Release|Any CPU
		{2858354E-CF96-FF5D-9E0E-BDA8DDC68B09}.Debug|Any CPU.ActiveCfg = Debug|Any CPU
		{2858354E-CF96-FF5D-9E0E-BDA8DDC68B09}.Debug|Any CPU.Build.0 = Debug|Any CPU
		{2858354E-CF96-FF5D-9E0E-BDA8DDC68B09}.Release|Any CPU.ActiveCfg = Release|Any CPU
		{2858354E-CF96-FF5D-9E0E-BDA8DDC68B09}.Release|Any CPU.Build.0 = Release|Any CPU
		{AFD890D2-C576-8BAD-426E-4DCCAA22B4A8}.Debug|Any CPU.ActiveCfg = Debug|Any CPU
		{AFD890D2-C576-8BAD-426E-4DCCAA22B4A8}.Debug|Any CPU.Build.0 = Debug|Any CPU
		{AFD890D2-C576-8BAD-426E-4DCCAA22B4A8}.Release|Any CPU.ActiveCfg = Release|Any CPU
		{AFD890D2-C576-8BAD-426E-4DCCAA22B4A8}.Release|Any CPU.Build.0 = Release|Any CPU
		{96D7D5C5-8A2C-995D-94FA-C68AE34195F7}.Debug|Any CPU.ActiveCfg = Debug|Any CPU
		{96D7D5C5-8A2C-995D-94FA-C68AE34195F7}.Debug|Any CPU.Build.0 = Debug|Any CPU
		{96D7D5C5-8A2C-995D-94FA-C68AE34195F7}.Release|Any CPU.ActiveCfg = Release|Any CPU
		{96D7D5C5-8A2C-995D-94FA-C68AE34195F7}.Release|Any CPU.Build.0 = Release|Any CPU
		{BF1B49D3-5382-7254-0178-F7EC852373AA}.Debug|Any CPU.ActiveCfg = Debug|Any CPU
		{BF1B49D3-5382-7254-0178-F7EC852373AA}.Debug|Any CPU.Build.0 = Debug|Any CPU
		{BF1B49D3-5382-7254-0178-F7EC852373AA}.Release|Any CPU.ActiveCfg = Release|Any CPU
		{BF1B49D3-5382-7254-0178-F7EC852373AA}.Release|Any CPU.Build.0 = Release|Any CPU
		{64A7113A-EDA0-57A1-5118-9A467647C2A5}.Debug|Any CPU.ActiveCfg = Debug|Any CPU
		{64A7113A-EDA0-57A1-5118-9A467647C2A5}.Debug|Any CPU.Build.0 = Debug|Any CPU
		{64A7113A-EDA0-57A1-5118-9A467647C2A5}.Release|Any CPU.ActiveCfg = Release|Any CPU
		{64A7113A-EDA0-57A1-5118-9A467647C2A5}.Release|Any CPU.Build.0 = Release|Any CPU
		{ED5819B3-B173-8CB0-C549-6832862656BB}.Debug|Any CPU.ActiveCfg = Debug|Any CPU
		{ED5819B3-B173-8CB0-C549-6832862656BB}.Debug|Any CPU.Build.0 = Debug|Any CPU
		{ED5819B3-B173-8CB0-C549-6832862656BB}.Release|Any CPU.ActiveCfg = Release|Any CPU
		{ED5819B3-B173-8CB0-C549-6832862656BB}.Release|Any CPU.Build.0 = Release|Any CPU
		{797C2A14-81E0-8876-5B68-81BA1018329B}.Debug|Any CPU.ActiveCfg = Debug|Any CPU
		{797C2A14-81E0-8876-5B68-81BA1018329B}.Debug|Any CPU.Build.0 = Debug|Any CPU
		{797C2A14-81E0-8876-5B68-81BA1018329B}.Release|Any CPU.ActiveCfg = Release|Any CPU
		{797C2A14-81E0-8876-5B68-81BA1018329B}.Release|Any CPU.Build.0 = Release|Any CPU
		{E977E9D8-FB9C-FCCA-1B91-DEDBFEC3EBF7}.Debug|Any CPU.ActiveCfg = Debug|Any CPU
		{E977E9D8-FB9C-FCCA-1B91-DEDBFEC3EBF7}.Debug|Any CPU.Build.0 = Debug|Any CPU
		{E977E9D8-FB9C-FCCA-1B91-DEDBFEC3EBF7}.Release|Any CPU.ActiveCfg = Release|Any CPU
		{E977E9D8-FB9C-FCCA-1B91-DEDBFEC3EBF7}.Release|Any CPU.Build.0 = Release|Any CPU
		{DA8446C7-0B06-EF48-74F5-52058EB60B7B}.Debug|Any CPU.ActiveCfg = Debug|Any CPU
		{DA8446C7-0B06-EF48-74F5-52058EB60B7B}.Debug|Any CPU.Build.0 = Debug|Any CPU
		{DA8446C7-0B06-EF48-74F5-52058EB60B7B}.Release|Any CPU.ActiveCfg = Release|Any CPU
		{DA8446C7-0B06-EF48-74F5-52058EB60B7B}.Release|Any CPU.Build.0 = Release|Any CPU
		{0AE994B5-7C82-DEF3-294A-002D7C84975E}.Debug|Any CPU.ActiveCfg = Debug|Any CPU
		{0AE994B5-7C82-DEF3-294A-002D7C84975E}.Debug|Any CPU.Build.0 = Debug|Any CPU
		{0AE994B5-7C82-DEF3-294A-002D7C84975E}.Release|Any CPU.ActiveCfg = Release|Any CPU
		{0AE994B5-7C82-DEF3-294A-002D7C84975E}.Release|Any CPU.Build.0 = Release|Any CPU
		{E6217B78-CC13-36F6-581E-FD1B65322D90}.Debug|Any CPU.ActiveCfg = Debug|Any CPU
		{E6217B78-CC13-36F6-581E-FD1B65322D90}.Debug|Any CPU.Build.0 = Debug|Any CPU
		{E6217B78-CC13-36F6-581E-FD1B65322D90}.Release|Any CPU.ActiveCfg = Release|Any CPU
		{E6217B78-CC13-36F6-581E-FD1B65322D90}.Release|Any CPU.Build.0 = Release|Any CPU
		{2619B934-1C5A-9EED-07EC-4EDC4B8F5AEB}.Debug|Any CPU.ActiveCfg = Debug|Any CPU
		{2619B934-1C5A-9EED-07EC-4EDC4B8F5AEB}.Debug|Any CPU.Build.0 = Debug|Any CPU
		{2619B934-1C5A-9EED-07EC-4EDC4B8F5AEB}.Release|Any CPU.ActiveCfg = Release|Any CPU
		{2619B934-1C5A-9EED-07EC-4EDC4B8F5AEB}.Release|Any CPU.Build.0 = Release|Any CPU
		{63B95E9F-4780-3549-0044-9EDF0D6CA3B0}.Debug|Any CPU.ActiveCfg = Debug|Any CPU
		{63B95E9F-4780-3549-0044-9EDF0D6CA3B0}.Debug|Any CPU.Build.0 = Debug|Any CPU
		{63B95E9F-4780-3549-0044-9EDF0D6CA3B0}.Release|Any CPU.ActiveCfg = Release|Any CPU
		{63B95E9F-4780-3549-0044-9EDF0D6CA3B0}.Release|Any CPU.Build.0 = Release|Any CPU
		{D41D4FC5-957D-4F26-5CEE-D43462C277AF}.Debug|Any CPU.ActiveCfg = Debug|Any CPU
		{D41D4FC5-957D-4F26-5CEE-D43462C277AF}.Debug|Any CPU.Build.0 = Debug|Any CPU
		{D41D4FC5-957D-4F26-5CEE-D43462C277AF}.Release|Any CPU.ActiveCfg = Release|Any CPU
		{D41D4FC5-957D-4F26-5CEE-D43462C277AF}.Release|Any CPU.Build.0 = Release|Any CPU
		{C487231D-0D9A-81D7-498C-F081C4F19D99}.Debug|Any CPU.ActiveCfg = Debug|Any CPU
		{C487231D-0D9A-81D7-498C-F081C4F19D99}.Debug|Any CPU.Build.0 = Debug|Any CPU
		{C487231D-0D9A-81D7-498C-F081C4F19D99}.Release|Any CPU.ActiveCfg = Release|Any CPU
		{C487231D-0D9A-81D7-498C-F081C4F19D99}.Release|Any CPU.Build.0 = Release|Any CPU
		{0E963FB9-0DBC-2B14-2C92-DC74EEFD5FF1}.Debug|Any CPU.ActiveCfg = Debug|Any CPU
		{0E963FB9-0DBC-2B14-2C92-DC74EEFD5FF1}.Debug|Any CPU.Build.0 = Debug|Any CPU
		{0E963FB9-0DBC-2B14-2C92-DC74EEFD5FF1}.Release|Any CPU.ActiveCfg = Release|Any CPU
		{0E963FB9-0DBC-2B14-2C92-DC74EEFD5FF1}.Release|Any CPU.Build.0 = Release|Any CPU
		{318E81A9-1F47-68B2-2575-0C2ED825AF44}.Debug|Any CPU.ActiveCfg = Debug|Any CPU
		{318E81A9-1F47-68B2-2575-0C2ED825AF44}.Debug|Any CPU.Build.0 = Debug|Any CPU
		{318E81A9-1F47-68B2-2575-0C2ED825AF44}.Release|Any CPU.ActiveCfg = Release|Any CPU
		{318E81A9-1F47-68B2-2575-0C2ED825AF44}.Release|Any CPU.Build.0 = Release|Any CPU
		{8E630CB2-139D-5EF6-D9F3-CEDFEC378D01}.Debug|Any CPU.ActiveCfg = Debug|Any CPU
		{8E630CB2-139D-5EF6-D9F3-CEDFEC378D01}.Debug|Any CPU.Build.0 = Debug|Any CPU
		{8E630CB2-139D-5EF6-D9F3-CEDFEC378D01}.Release|Any CPU.ActiveCfg = Release|Any CPU
		{8E630CB2-139D-5EF6-D9F3-CEDFEC378D01}.Release|Any CPU.Build.0 = Release|Any CPU
		{24A8B22E-D107-AF61-D7FD-4C0C8636B261}.Debug|Any CPU.ActiveCfg = Debug|Any CPU
		{24A8B22E-D107-AF61-D7FD-4C0C8636B261}.Debug|Any CPU.Build.0 = Debug|Any CPU
		{24A8B22E-D107-AF61-D7FD-4C0C8636B261}.Release|Any CPU.ActiveCfg = Release|Any CPU
		{24A8B22E-D107-AF61-D7FD-4C0C8636B261}.Release|Any CPU.Build.0 = Release|Any CPU
		{93D030E1-BC3A-DFB7-9080-C3AFE5B57C83}.Debug|Any CPU.ActiveCfg = Debug|Any CPU
		{93D030E1-BC3A-DFB7-9080-C3AFE5B57C83}.Debug|Any CPU.Build.0 = Debug|Any CPU
		{93D030E1-BC3A-DFB7-9080-C3AFE5B57C83}.Release|Any CPU.ActiveCfg = Release|Any CPU
		{93D030E1-BC3A-DFB7-9080-C3AFE5B57C83}.Release|Any CPU.Build.0 = Release|Any CPU
		{722FD3BF-7CD4-675A-F4C2-EE338E6C9125}.Debug|Any CPU.ActiveCfg = Debug|Any CPU
		{722FD3BF-7CD4-675A-F4C2-EE338E6C9125}.Debug|Any CPU.Build.0 = Debug|Any CPU
		{722FD3BF-7CD4-675A-F4C2-EE338E6C9125}.Release|Any CPU.ActiveCfg = Release|Any CPU
		{722FD3BF-7CD4-675A-F4C2-EE338E6C9125}.Release|Any CPU.Build.0 = Release|Any CPU
		{97B3A5A4-7DFC-511B-65A1-6F4DF910CF5E}.Debug|Any CPU.ActiveCfg = Debug|Any CPU
		{97B3A5A4-7DFC-511B-65A1-6F4DF910CF5E}.Debug|Any CPU.Build.0 = Debug|Any CPU
		{97B3A5A4-7DFC-511B-65A1-6F4DF910CF5E}.Release|Any CPU.ActiveCfg = Release|Any CPU
		{97B3A5A4-7DFC-511B-65A1-6F4DF910CF5E}.Release|Any CPU.Build.0 = Release|Any CPU
		{B721B62D-8339-32F1-578C-E9A164F8ADD2}.Debug|Any CPU.ActiveCfg = Debug|Any CPU
		{B721B62D-8339-32F1-578C-E9A164F8ADD2}.Debug|Any CPU.Build.0 = Debug|Any CPU
		{B721B62D-8339-32F1-578C-E9A164F8ADD2}.Release|Any CPU.ActiveCfg = Release|Any CPU
		{B721B62D-8339-32F1-578C-E9A164F8ADD2}.Release|Any CPU.Build.0 = Release|Any CPU
		{AC0D1706-94EA-F442-5521-2A6ACAFC544D}.Debug|Any CPU.ActiveCfg = Debug|Any CPU
		{AC0D1706-94EA-F442-5521-2A6ACAFC544D}.Debug|Any CPU.Build.0 = Debug|Any CPU
		{AC0D1706-94EA-F442-5521-2A6ACAFC544D}.Release|Any CPU.ActiveCfg = Release|Any CPU
		{AC0D1706-94EA-F442-5521-2A6ACAFC544D}.Release|Any CPU.Build.0 = Release|Any CPU
		{0EE1D2DB-A82A-52A2-2D57-6E1E9D61C8BD}.Debug|Any CPU.ActiveCfg = Debug|Any CPU
		{0EE1D2DB-A82A-52A2-2D57-6E1E9D61C8BD}.Debug|Any CPU.Build.0 = Debug|Any CPU
		{0EE1D2DB-A82A-52A2-2D57-6E1E9D61C8BD}.Release|Any CPU.ActiveCfg = Release|Any CPU
		{0EE1D2DB-A82A-52A2-2D57-6E1E9D61C8BD}.Release|Any CPU.Build.0 = Release|Any CPU
		{F87001A7-106E-119F-87FC-2B6DFEEADBB5}.Debug|Any CPU.ActiveCfg = Debug|Any CPU
		{F87001A7-106E-119F-87FC-2B6DFEEADBB5}.Debug|Any CPU.Build.0 = Debug|Any CPU
		{F87001A7-106E-119F-87FC-2B6DFEEADBB5}.Release|Any CPU.ActiveCfg = Release|Any CPU
		{F87001A7-106E-119F-87FC-2B6DFEEADBB5}.Release|Any CPU.Build.0 = Release|Any CPU
		{B7AC8289-6652-F84D-0BB9-A5FD7253BF39}.Debug|Any CPU.ActiveCfg = Debug|Any CPU
		{B7AC8289-6652-F84D-0BB9-A5FD7253BF39}.Debug|Any CPU.Build.0 = Debug|Any CPU
		{B7AC8289-6652-F84D-0BB9-A5FD7253BF39}.Release|Any CPU.ActiveCfg = Release|Any CPU
		{B7AC8289-6652-F84D-0BB9-A5FD7253BF39}.Release|Any CPU.Build.0 = Release|Any CPU
		{0AA95792-DEDC-435A-125F-326B21EA26D9}.Debug|Any CPU.ActiveCfg = Debug|Any CPU
		{0AA95792-DEDC-435A-125F-326B21EA26D9}.Debug|Any CPU.Build.0 = Debug|Any CPU
		{0AA95792-DEDC-435A-125F-326B21EA26D9}.Release|Any CPU.ActiveCfg = Release|Any CPU
		{0AA95792-DEDC-435A-125F-326B21EA26D9}.Release|Any CPU.Build.0 = Release|Any CPU
		{11168FB2-C411-7A7E-4399-A3B33D9B715C}.Debug|Any CPU.ActiveCfg = Debug|Any CPU
		{11168FB2-C411-7A7E-4399-A3B33D9B715C}.Debug|Any CPU.Build.0 = Debug|Any CPU
		{11168FB2-C411-7A7E-4399-A3B33D9B715C}.Release|Any CPU.ActiveCfg = Release|Any CPU
		{11168FB2-C411-7A7E-4399-A3B33D9B715C}.Release|Any CPU.Build.0 = Release|Any CPU
		{27AE2641-67B7-7580-8D88-5E9D091FBAA0}.Debug|Any CPU.ActiveCfg = Debug|Any CPU
		{27AE2641-67B7-7580-8D88-5E9D091FBAA0}.Debug|Any CPU.Build.0 = Debug|Any CPU
		{27AE2641-67B7-7580-8D88-5E9D091FBAA0}.Release|Any CPU.ActiveCfg = Release|Any CPU
		{27AE2641-67B7-7580-8D88-5E9D091FBAA0}.Release|Any CPU.Build.0 = Release|Any CPU
		{D2E9B20B-DB9E-3BD1-DC16-1A4A9F60F133}.Debug|Any CPU.ActiveCfg = Debug|Any CPU
		{D2E9B20B-DB9E-3BD1-DC16-1A4A9F60F133}.Debug|Any CPU.Build.0 = Debug|Any CPU
		{D2E9B20B-DB9E-3BD1-DC16-1A4A9F60F133}.Release|Any CPU.ActiveCfg = Release|Any CPU
		{D2E9B20B-DB9E-3BD1-DC16-1A4A9F60F133}.Release|Any CPU.Build.0 = Release|Any CPU
		{8A6C86A1-0BA0-9DA4-5FBD-84833249A88C}.Debug|Any CPU.ActiveCfg = Debug|Any CPU
		{8A6C86A1-0BA0-9DA4-5FBD-84833249A88C}.Debug|Any CPU.Build.0 = Debug|Any CPU
		{8A6C86A1-0BA0-9DA4-5FBD-84833249A88C}.Release|Any CPU.ActiveCfg = Release|Any CPU
		{8A6C86A1-0BA0-9DA4-5FBD-84833249A88C}.Release|Any CPU.Build.0 = Release|Any CPU
		{D4F0E6CD-800A-4760-C9AF-5B9397923B4F}.Debug|Any CPU.ActiveCfg = Debug|Any CPU
		{D4F0E6CD-800A-4760-C9AF-5B9397923B4F}.Debug|Any CPU.Build.0 = Debug|Any CPU
		{D4F0E6CD-800A-4760-C9AF-5B9397923B4F}.Release|Any CPU.ActiveCfg = Release|Any CPU
		{D4F0E6CD-800A-4760-C9AF-5B9397923B4F}.Release|Any CPU.Build.0 = Release|Any CPU
		{CEA5DFA4-DD53-2233-256A-7A48462A73A4}.Debug|Any CPU.ActiveCfg = Debug|Any CPU
		{CEA5DFA4-DD53-2233-256A-7A48462A73A4}.Debug|Any CPU.Build.0 = Debug|Any CPU
		{CEA5DFA4-DD53-2233-256A-7A48462A73A4}.Release|Any CPU.ActiveCfg = Release|Any CPU
		{CEA5DFA4-DD53-2233-256A-7A48462A73A4}.Release|Any CPU.Build.0 = Release|Any CPU
		{77A8C8AD-491E-D655-F08E-D4CD213EB390}.Debug|Any CPU.ActiveCfg = Debug|Any CPU
		{77A8C8AD-491E-D655-F08E-D4CD213EB390}.Debug|Any CPU.Build.0 = Debug|Any CPU
		{77A8C8AD-491E-D655-F08E-D4CD213EB390}.Release|Any CPU.ActiveCfg = Release|Any CPU
		{77A8C8AD-491E-D655-F08E-D4CD213EB390}.Release|Any CPU.Build.0 = Release|Any CPU
		{781A6305-9856-9D74-0C01-9F0800519F1E}.Debug|Any CPU.ActiveCfg = Debug|Any CPU
		{781A6305-9856-9D74-0C01-9F0800519F1E}.Debug|Any CPU.Build.0 = Debug|Any CPU
		{781A6305-9856-9D74-0C01-9F0800519F1E}.Release|Any CPU.ActiveCfg = Release|Any CPU
		{781A6305-9856-9D74-0C01-9F0800519F1E}.Release|Any CPU.Build.0 = Release|Any CPU
		{E926AD83-9FEB-544C-B71B-D305F68F3F39}.Debug|Any CPU.ActiveCfg = Debug|Any CPU
		{E926AD83-9FEB-544C-B71B-D305F68F3F39}.Debug|Any CPU.Build.0 = Debug|Any CPU
		{E926AD83-9FEB-544C-B71B-D305F68F3F39}.Release|Any CPU.ActiveCfg = Release|Any CPU
		{E926AD83-9FEB-544C-B71B-D305F68F3F39}.Release|Any CPU.Build.0 = Release|Any CPU
		{04C6108F-8E9E-D1ED-B605-52BF0C1C542D}.Debug|Any CPU.ActiveCfg = Debug|Any CPU
		{04C6108F-8E9E-D1ED-B605-52BF0C1C542D}.Debug|Any CPU.Build.0 = Debug|Any CPU
		{04C6108F-8E9E-D1ED-B605-52BF0C1C542D}.Release|Any CPU.ActiveCfg = Release|Any CPU
		{04C6108F-8E9E-D1ED-B605-52BF0C1C542D}.Release|Any CPU.Build.0 = Release|Any CPU
		{A0580FBD-43A2-C9D8-B711-BE0C952DAEA6}.Debug|Any CPU.ActiveCfg = Debug|Any CPU
		{A0580FBD-43A2-C9D8-B711-BE0C952DAEA6}.Debug|Any CPU.Build.0 = Debug|Any CPU
		{A0580FBD-43A2-C9D8-B711-BE0C952DAEA6}.Release|Any CPU.ActiveCfg = Release|Any CPU
		{A0580FBD-43A2-C9D8-B711-BE0C952DAEA6}.Release|Any CPU.Build.0 = Release|Any CPU
	EndGlobalSection
	GlobalSection(SolutionProperties) = preSolution
		HideSolutionNode = FALSE
	EndGlobalSection
EndGlobal
